
Microsoft Visual Studio Solution File, Format Version 12.00
# Visual Studio 15
VisualStudioVersion = 15.0.28307.271
MinimumVisualStudioVersion = 10.0.40219.1
Project("{2150E333-8FDC-42A3-9474-1A3956D46DE8}") = "GUI", "GUI", "{5C2FCD21-6CCC-4085-B3BE-1463BF9E3A6D}"
EndProject
Project("{9A19103F-16F7-4668-BE54-9A1E7A4F7556}") = "Noesis.GUI", "Src\Noesis\Core\Noesis.GUI.csproj", "{62D8C823-5942-4E6B-9286-67DBAF88B6D9}"
EndProject
Project("{9A19103F-16F7-4668-BE54-9A1E7A4F7556}") = "Noesis.GUI.Extensions", "Src\Noesis\Extensions\Noesis.GUI.Extensions.csproj", "{520B9BCF-C2FB-43C9-88EE-FE05F08C159F}"
EndProject
Project("{2150E333-8FDC-42A3-9474-1A3956D46DE8}") = "App", "App", "{2965DBAB-8B7B-4D94-9CE4-1ECD689FD979}"
EndProject
Project("{9A19103F-16F7-4668-BE54-9A1E7A4F7556}") = "Noesis.App", "Src\NoesisApp\Core\Noesis.App.csproj", "{2352B720-6F0F-4789-A2F7-DCE93D6632C8}"
EndProject
Project("{9A19103F-16F7-4668-BE54-9A1E7A4F7556}") = "Noesis.App.Theme", "Src\NoesisApp\Theme\Noesis.App.Theme.csproj", "{30C14B9D-A01D-4CCD-A3D5-C4D707D79C8F}"
EndProject
Project("{2150E333-8FDC-42A3-9474-1A3956D46DE8}") = "Displays", "Displays", "{97980808-A5F4-4A9F-AA9B-EE44B5CB477B}"
EndProject
Project("{9A19103F-16F7-4668-BE54-9A1E7A4F7556}") = "Noesis.App.Displays.Android", "Src\NoesisApp\Displays\Android\Noesis.App.Displays.Android.csproj", "{E943F2FB-13C3-437A-A92D-829F908749BE}"
EndProject
Project("{9A19103F-16F7-4668-BE54-9A1E7A4F7556}") = "Noesis.App.Displays.AppKit", "Src\NoesisApp\Displays\AppKit\Noesis.App.Displays.AppKit.csproj", "{504294B1-F6C6-460D-8911-884CD48B4DE8}"
EndProject
Project("{9A19103F-16F7-4668-BE54-9A1E7A4F7556}") = "Noesis.App.Displays.Fbdev", "Src\NoesisApp\Displays\Fbdev\Noesis.App.Displays.Fbdev.csproj", "{B3B2C833-7814-47F8-B2E2-CF72423E8B70}"
EndProject
Project("{9A19103F-16F7-4668-BE54-9A1E7A4F7556}") = "Noesis.App.Displays.Gbm", "Src\NoesisApp\Displays\Gbm\Noesis.App.Displays.Gbm.csproj", "{7A448862-8130-4A47-B0BE-608BFE11E3F6}"
EndProject
Project("{9A19103F-16F7-4668-BE54-9A1E7A4F7556}") = "Noesis.App.Displays.UIKit", "Src\NoesisApp\Displays\UIKit\Noesis.App.Displays.UIKit.csproj", "{83473176-E20C-49BF-9398-F090070A602D}"
EndProject
Project("{9A19103F-16F7-4668-BE54-9A1E7A4F7556}") = "Noesis.App.Displays.Win32", "Src\NoesisApp\Displays\Win32\Noesis.App.Displays.Win32.csproj", "{2D1F01C7-4DBA-4583-9CD1-3328FA5DECF7}"
EndProject
Project("{FAE04EC0-301F-11D3-BF4B-00C04F79EFBC}") = "Noesis.App.Displays.WinRT", "Src\NoesisApp\Displays\WinRT\Noesis.App.Displays.WinRT.csproj", "{D98A4636-0A12-455C-A6E7-41654EBC827C}"
EndProject
Project("{9A19103F-16F7-4668-BE54-9A1E7A4F7556}") = "Noesis.App.Displays.X11", "Src\NoesisApp\Displays\X11\Noesis.App.Displays.X11.csproj", "{296F725B-EBAE-4D19-92C1-6D16B143A33E}"
EndProject
Project("{2150E333-8FDC-42A3-9474-1A3956D46DE8}") = "RenderContexts", "RenderContexts", "{A8DA0357-2A4E-4E81-B7F1-1B46F916FAE3}"
EndProject
Project("{9A19103F-16F7-4668-BE54-9A1E7A4F7556}") = "Noesis.App.RenderContexts.D3D11", "Src\NoesisApp\RenderContexts\D3D11\Noesis.App.RenderContexts.D3D11.csproj", "{52F968F5-7AD7-4065-99F7-117F9E3BC3EB}"
EndProject
Project("{9A19103F-16F7-4668-BE54-9A1E7A4F7556}") = "Noesis.App.RenderContexts.D3D12", "Src\NoesisApp\RenderContexts\D3D12\Noesis.App.RenderContexts.D3D12.csproj", "{46432BB1-E52C-49F4-9BC0-D826DE1647AF}"
EndProject
Project("{9A19103F-16F7-4668-BE54-9A1E7A4F7556}") = "Noesis.App.RenderContexts.EGL", "Src\NoesisApp\RenderContexts\EGL\Noesis.App.RenderContexts.EGL.csproj", "{CB52A8F2-8265-45C0-A87C-A1EE93B010B3}"
EndProject
Project("{9A19103F-16F7-4668-BE54-9A1E7A4F7556}") = "Noesis.App.RenderContexts.GLX", "Src\NoesisApp\RenderContexts\GLX\Noesis.App.RenderContexts.GLX.csproj", "{4472D27E-7273-46E2-A107-451939B05171}"
EndProject
Project("{9A19103F-16F7-4668-BE54-9A1E7A4F7556}") = "Noesis.App.RenderContexts.MTL", "Src\NoesisApp\RenderContexts\MTL\Noesis.App.RenderContexts.MTL.csproj", "{715C59D1-62F9-446D-8322-E8303AFC7297}"
EndProject
Project("{9A19103F-16F7-4668-BE54-9A1E7A4F7556}") = "Noesis.App.RenderContexts.NSGL", "Src\NoesisApp\RenderContexts\NSGL\Noesis.App.RenderContexts.NSGL.csproj", "{4C11CFCE-7400-4FD0-866B-3998051DE0BC}"
EndProject
Project("{9A19103F-16F7-4668-BE54-9A1E7A4F7556}") = "Noesis.App.RenderContexts.WGL", "Src\NoesisApp\RenderContexts\WGL\Noesis.App.RenderContexts.WGL.csproj", "{C5B2B1DC-8B60-400C-9C49-7783BE7B1B3E}"
EndProject
Project("{2150E333-8FDC-42A3-9474-1A3956D46DE8}") = "MediaPlayers", "MediaPlayers", "{2EA2CA43-B65A-4805-8760-5E262965680F}"
EndProject
Project("{9A19103F-16F7-4668-BE54-9A1E7A4F7556}") = "Noesis.App.MediaPlayer.GE", "Src\NoesisApp\MediaPlayers\GE\Noesis.App.MediaPlayer.GE.csproj", "{D2E76E82-EA15-4E95-8823-FA2384F9EE98}"
EndProject
Global
	GlobalSection(SolutionConfigurationPlatforms) = preSolution
		Debug|Any CPU = Debug|Any CPU
		Release|Any CPU = Release|Any CPU
	EndGlobalSection
	GlobalSection(ProjectConfigurationPlatforms) = postSolution
		{62D8C823-5942-4E6B-9286-67DBAF88B6D9}.Debug|Any CPU.ActiveCfg = Debug|Any CPU
		{62D8C823-5942-4E6B-9286-67DBAF88B6D9}.Debug|Any CPU.Build.0 = Debug|Any CPU
		{62D8C823-5942-4E6B-9286-67DBAF88B6D9}.Release|Any CPU.ActiveCfg = Release|Any CPU
		{62D8C823-5942-4E6B-9286-67DBAF88B6D9}.Release|Any CPU.Build.0 = Release|Any CPU
		{520B9BCF-C2FB-43C9-88EE-FE05F08C159F}.Debug|Any CPU.ActiveCfg = Debug|Any CPU
		{520B9BCF-C2FB-43C9-88EE-FE05F08C159F}.Debug|Any CPU.Build.0 = Debug|Any CPU
		{520B9BCF-C2FB-43C9-88EE-FE05F08C159F}.Release|Any CPU.ActiveCfg = Release|Any CPU
		{520B9BCF-C2FB-43C9-88EE-FE05F08C159F}.Release|Any CPU.Build.0 = Release|Any CPU
		{2352B720-6F0F-4789-A2F7-DCE93D6632C8}.Debug|Any CPU.ActiveCfg = Debug|Any CPU
		{2352B720-6F0F-4789-A2F7-DCE93D6632C8}.Debug|Any CPU.Build.0 = Debug|Any CPU
		{2352B720-6F0F-4789-A2F7-DCE93D6632C8}.Release|Any CPU.ActiveCfg = Release|Any CPU
		{2352B720-6F0F-4789-A2F7-DCE93D6632C8}.Release|Any CPU.Build.0 = Release|Any CPU
		{30C14B9D-A01D-4CCD-A3D5-C4D707D79C8F}.Debug|Any CPU.ActiveCfg = Debug|Any CPU
		{30C14B9D-A01D-4CCD-A3D5-C4D707D79C8F}.Debug|Any CPU.Build.0 = Debug|Any CPU
		{30C14B9D-A01D-4CCD-A3D5-C4D707D79C8F}.Release|Any CPU.ActiveCfg = Release|Any CPU
		{30C14B9D-A01D-4CCD-A3D5-C4D707D79C8F}.Release|Any CPU.Build.0 = Release|Any CPU
		{E943F2FB-13C3-437A-A92D-829F908749BE}.Debug|Any CPU.ActiveCfg = Debug|Any CPU
		{E943F2FB-13C3-437A-A92D-829F908749BE}.Debug|Any CPU.Build.0 = Debug|Any CPU
		{E943F2FB-13C3-437A-A92D-829F908749BE}.Release|Any CPU.ActiveCfg = Release|Any CPU
		{E943F2FB-13C3-437A-A92D-829F908749BE}.Release|Any CPU.Build.0 = Release|Any CPU
		{504294B1-F6C6-460D-8911-884CD48B4DE8}.Debug|Any CPU.ActiveCfg = Debug|Any CPU
		{504294B1-F6C6-460D-8911-884CD48B4DE8}.Debug|Any CPU.Build.0 = Debug|Any CPU
		{504294B1-F6C6-460D-8911-884CD48B4DE8}.Release|Any CPU.ActiveCfg = Release|Any CPU
		{504294B1-F6C6-460D-8911-884CD48B4DE8}.Release|Any CPU.Build.0 = Release|Any CPU
		{B3B2C833-7814-47F8-B2E2-CF72423E8B70}.Debug|Any CPU.ActiveCfg = Debug|Any CPU
		{B3B2C833-7814-47F8-B2E2-CF72423E8B70}.Debug|Any CPU.Build.0 = Debug|Any CPU
		{B3B2C833-7814-47F8-B2E2-CF72423E8B70}.Release|Any CPU.ActiveCfg = Release|Any CPU
		{B3B2C833-7814-47F8-B2E2-CF72423E8B70}.Release|Any CPU.Build.0 = Release|Any CPU
		{7A448862-8130-4A47-B0BE-608BFE11E3F6}.Debug|Any CPU.ActiveCfg = Debug|Any CPU
		{7A448862-8130-4A47-B0BE-608BFE11E3F6}.Debug|Any CPU.Build.0 = Debug|Any CPU
		{7A448862-8130-4A47-B0BE-608BFE11E3F6}.Release|Any CPU.ActiveCfg = Release|Any CPU
		{7A448862-8130-4A47-B0BE-608BFE11E3F6}.Release|Any CPU.Build.0 = Release|Any CPU
		{83473176-E20C-49BF-9398-F090070A602D}.Debug|Any CPU.ActiveCfg = Debug|Any CPU
		{83473176-E20C-49BF-9398-F090070A602D}.Debug|Any CPU.Build.0 = Debug|Any CPU
		{83473176-E20C-49BF-9398-F090070A602D}.Release|Any CPU.ActiveCfg = Release|Any CPU
		{83473176-E20C-49BF-9398-F090070A602D}.Release|Any CPU.Build.0 = Release|Any CPU
		{2D1F01C7-4DBA-4583-9CD1-3328FA5DECF7}.Debug|Any CPU.ActiveCfg = Debug|Any CPU
		{2D1F01C7-4DBA-4583-9CD1-3328FA5DECF7}.Debug|Any CPU.Build.0 = Debug|Any CPU
		{2D1F01C7-4DBA-4583-9CD1-3328FA5DECF7}.Release|Any CPU.ActiveCfg = Release|Any CPU
		{2D1F01C7-4DBA-4583-9CD1-3328FA5DECF7}.Release|Any CPU.Build.0 = Release|Any CPU
		{D98A4636-0A12-455C-A6E7-41654EBC827C}.Debug|Any CPU.ActiveCfg = Debug|Any CPU
		{D98A4636-0A12-455C-A6E7-41654EBC827C}.Debug|Any CPU.Build.0 = Debug|Any CPU
		{D98A4636-0A12-455C-A6E7-41654EBC827C}.Release|Any CPU.ActiveCfg = Release|Any CPU
		{D98A4636-0A12-455C-A6E7-41654EBC827C}.Release|Any CPU.Build.0 = Release|Any CPU
		{296F725B-EBAE-4D19-92C1-6D16B143A33E}.Debug|Any CPU.ActiveCfg = Debug|Any CPU
		{296F725B-EBAE-4D19-92C1-6D16B143A33E}.Debug|Any CPU.Build.0 = Debug|Any CPU
		{296F725B-EBAE-4D19-92C1-6D16B143A33E}.Release|Any CPU.ActiveCfg = Release|Any CPU
		{296F725B-EBAE-4D19-92C1-6D16B143A33E}.Release|Any CPU.Build.0 = Release|Any CPU
		{52F968F5-7AD7-4065-99F7-117F9E3BC3EB}.Debug|Any CPU.ActiveCfg = Debug|Any CPU
		{52F968F5-7AD7-4065-99F7-117F9E3BC3EB}.Debug|Any CPU.Build.0 = Debug|Any CPU
		{52F968F5-7AD7-4065-99F7-117F9E3BC3EB}.Release|Any CPU.ActiveCfg = Release|Any CPU
		{52F968F5-7AD7-4065-99F7-117F9E3BC3EB}.Release|Any CPU.Build.0 = Release|Any CPU
		{46432BB1-E52C-49F4-9BC0-D826DE1647AF}.Debug|Any CPU.ActiveCfg = Debug|Any CPU
		{46432BB1-E52C-49F4-9BC0-D826DE1647AF}.Debug|Any CPU.Build.0 = Debug|Any CPU
		{46432BB1-E52C-49F4-9BC0-D826DE1647AF}.Release|Any CPU.ActiveCfg = Release|Any CPU
		{46432BB1-E52C-49F4-9BC0-D826DE1647AF}.Release|Any CPU.Build.0 = Release|Any CPU
		{CB52A8F2-8265-45C0-A87C-A1EE93B010B3}.Debug|Any CPU.ActiveCfg = Debug|Any CPU
		{CB52A8F2-8265-45C0-A87C-A1EE93B010B3}.Debug|Any CPU.Build.0 = Debug|Any CPU
		{CB52A8F2-8265-45C0-A87C-A1EE93B010B3}.Release|Any CPU.ActiveCfg = Release|Any CPU
		{CB52A8F2-8265-45C0-A87C-A1EE93B010B3}.Release|Any CPU.Build.0 = Release|Any CPU
		{4472D27E-7273-46E2-A107-451939B05171}.Debug|Any CPU.ActiveCfg = Debug|Any CPU
		{4472D27E-7273-46E2-A107-451939B05171}.Debug|Any CPU.Build.0 = Debug|Any CPU
		{4472D27E-7273-46E2-A107-451939B05171}.Release|Any CPU.ActiveCfg = Release|Any CPU
		{4472D27E-7273-46E2-A107-451939B05171}.Release|Any CPU.Build.0 = Release|Any CPU
		{715C59D1-62F9-446D-8322-E8303AFC7297}.Debug|Any CPU.ActiveCfg = Debug|Any CPU
		{715C59D1-62F9-446D-8322-E8303AFC7297}.Debug|Any CPU.Build.0 = Debug|Any CPU
		{715C59D1-62F9-446D-8322-E8303AFC7297}.Release|Any CPU.ActiveCfg = Release|Any CPU
		{715C59D1-62F9-446D-8322-E8303AFC7297}.Release|Any CPU.Build.0 = Release|Any CPU
		{4C11CFCE-7400-4FD0-866B-3998051DE0BC}.Debug|Any CPU.ActiveCfg = Debug|Any CPU
		{4C11CFCE-7400-4FD0-866B-3998051DE0BC}.Debug|Any CPU.Build.0 = Debug|Any CPU
		{4C11CFCE-7400-4FD0-866B-3998051DE0BC}.Release|Any CPU.ActiveCfg = Release|Any CPU
		{4C11CFCE-7400-4FD0-866B-3998051DE0BC}.Release|Any CPU.Build.0 = Release|Any CPU
		{C5B2B1DC-8B60-400C-9C49-7783BE7B1B3E}.Debug|Any CPU.ActiveCfg = Debug|Any CPU
		{C5B2B1DC-8B60-400C-9C49-7783BE7B1B3E}.Debug|Any CPU.Build.0 = Debug|Any CPU
		{C5B2B1DC-8B60-400C-9C49-7783BE7B1B3E}.Release|Any CPU.ActiveCfg = Release|Any CPU
		{C5B2B1DC-8B60-400C-9C49-7783BE7B1B3E}.Release|Any CPU.Build.0 = Release|Any CPU
		{D2E76E82-EA15-4E95-8823-FA2384F9EE98}.Debug|Any CPU.ActiveCfg = Debug|Any CPU
		{D2E76E82-EA15-4E95-8823-FA2384F9EE98}.Debug|Any CPU.Build.0 = Debug|Any CPU
		{D2E76E82-EA15-4E95-8823-FA2384F9EE98}.Release|Any CPU.ActiveCfg = Release|Any CPU
		{D2E76E82-EA15-4E95-8823-FA2384F9EE98}.Release|Any CPU.Build.0 = Release|Any CPU
	EndGlobalSection
	GlobalSection(SolutionProperties) = preSolution
		HideSolutionNode = FALSE
	EndGlobalSection
	GlobalSection(NestedProjects) = preSolution
		{62D8C823-5942-4E6B-9286-67DBAF88B6D9} = {5C2FCD21-6CCC-4085-B3BE-1463BF9E3A6D}
		{520B9BCF-C2FB-43C9-88EE-FE05F08C159F} = {5C2FCD21-6CCC-4085-B3BE-1463BF9E3A6D}
		{2352B720-6F0F-4789-A2F7-DCE93D6632C8} = {2965DBAB-8B7B-4D94-9CE4-1ECD689FD979}
		{30C14B9D-A01D-4CCD-A3D5-C4D707D79C8F} = {2965DBAB-8B7B-4D94-9CE4-1ECD689FD979}
		{97980808-A5F4-4A9F-AA9B-EE44B5CB477B} = {2965DBAB-8B7B-4D94-9CE4-1ECD689FD979}
		{E943F2FB-13C3-437A-A92D-829F908749BE} = {97980808-A5F4-4A9F-AA9B-EE44B5CB477B}
		{504294B1-F6C6-460D-8911-884CD48B4DE8} = {97980808-A5F4-4A9F-AA9B-EE44B5CB477B}
		{B3B2C833-7814-47F8-B2E2-CF72423E8B70} = {97980808-A5F4-4A9F-AA9B-EE44B5CB477B}
		{7A448862-8130-4A47-B0BE-608BFE11E3F6} = {97980808-A5F4-4A9F-AA9B-EE44B5CB477B}
		{83473176-E20C-49BF-9398-F090070A602D} = {97980808-A5F4-4A9F-AA9B-EE44B5CB477B}
		{2D1F01C7-4DBA-4583-9CD1-3328FA5DECF7} = {97980808-A5F4-4A9F-AA9B-EE44B5CB477B}
		{D98A4636-0A12-455C-A6E7-41654EBC827C} = {97980808-A5F4-4A9F-AA9B-EE44B5CB477B}
		{296F725B-EBAE-4D19-92C1-6D16B143A33E} = {97980808-A5F4-4A9F-AA9B-EE44B5CB477B}
		{A8DA0357-2A4E-4E81-B7F1-1B46F916FAE3} = {2965DBAB-8B7B-4D94-9CE4-1ECD689FD979}
		{52F968F5-7AD7-4065-99F7-117F9E3BC3EB} = {A8DA0357-2A4E-4E81-B7F1-1B46F916FAE3}
		{46432BB1-E52C-49F4-9BC0-D826DE1647AF} = {A8DA0357-2A4E-4E81-B7F1-1B46F916FAE3}
		{CB52A8F2-8265-45C0-A87C-A1EE93B010B3} = {A8DA0357-2A4E-4E81-B7F1-1B46F916FAE3}
		{4472D27E-7273-46E2-A107-451939B05171} = {A8DA0357-2A4E-4E81-B7F1-1B46F916FAE3}
		{715C59D1-62F9-446D-8322-E8303AFC7297} = {A8DA0357-2A4E-4E81-B7F1-1B46F916FAE3}
		{4C11CFCE-7400-4FD0-866B-3998051DE0BC} = {A8DA0357-2A4E-4E81-B7F1-1B46F916FAE3}
		{C5B2B1DC-8B60-400C-9C49-7783BE7B1B3E} = {A8DA0357-2A4E-4E81-B7F1-1B46F916FAE3}
		{2EA2CA43-B65A-4805-8760-5E262965680F} = {2965DBAB-8B7B-4D94-9CE4-1ECD689FD979}
		{D2E76E82-EA15-4E95-8823-FA2384F9EE98} = {2EA2CA43-B65A-4805-8760-5E262965680F}
	EndGlobalSection
	GlobalSection(ExtensibilityGlobals) = postSolution
		SolutionGuid = {DE273914-7EB6-44E9-876F-F964C04DE483}
	EndGlobalSection
EndGlobal
